
Microsoft Visual Studio Solution File, Format Version 12.00
# Visual Studio Version 17
VisualStudioVersion = 17.0.32112.339
MinimumVisualStudioVersion = 10.0.40219.1
Project("{FAE04EC0-301F-11D3-BF4B-00C04F79EFBC}") = "imc_ofc.UWP", "imc_ofc\imc_ofc.UWP\imc_ofc.UWP.csproj", "{49F6D3A9-6C35-4551-A3FD-00E3122A2275}"
EndProject
Project("{FAE04EC0-301F-11D3-BF4B-00C04F79EFBC}") = "imc_ofc.Android", "imc_ofc\imc_ofc.Android\imc_ofc.Android.csproj", "{F41048E8-7C44-4BF0-90EA-ECB76F7D035E}"
EndProject
Project("{FAE04EC0-301F-11D3-BF4B-00C04F79EFBC}") = "imc_ofc", "imc_ofc\imc_ofc\imc_ofc.csproj", "{9455C870-D4C9-4A95-9886-C9E0BA5794DE}"
EndProject
Global
	GlobalSection(SolutionConfigurationPlatforms) = preSolution
		Debug|Any CPU = Debug|Any CPU
		Debug|ARM = Debug|ARM
		Debug|x64 = Debug|x64
		Debug|x86 = Debug|x86
		Release|Any CPU = Release|Any CPU
		Release|ARM = Release|ARM
		Release|x64 = Release|x64
		Release|x86 = Release|x86
	EndGlobalSection
	GlobalSection(ProjectConfigurationPlatforms) = postSolution
		{49F6D3A9-6C35-4551-A3FD-00E3122A2275}.Debug|Any CPU.ActiveCfg = Debug|x64
		{49F6D3A9-6C35-4551-A3FD-00E3122A2275}.Debug|Any CPU.Build.0 = Debug|x64
		{49F6D3A9-6C35-4551-A3FD-00E3122A2275}.Debug|Any CPU.Deploy.0 = Debug|x64
		{49F6D3A9-6C35-4551-A3FD-00E3122A2275}.Debug|ARM.ActiveCfg = Debug|ARM
		{49F6D3A9-6C35-4551-A3FD-00E3122A2275}.Debug|ARM.Build.0 = Debug|ARM
		{49F6D3A9-6C35-4551-A3FD-00E3122A2275}.Debug|ARM.Deploy.0 = Debug|ARM
		{49F6D3A9-6C35-4551-A3FD-00E3122A2275}.Debug|x64.ActiveCfg = Debug|x64
		{49F6D3A9-6C35-4551-A3FD-00E3122A2275}.Debug|x64.Build.0 = Debug|x64
		{49F6D3A9-6C35-4551-A3FD-00E3122A2275}.Debug|x64.Deploy.0 = Debug|x64
		{49F6D3A9-6C35-4551-A3FD-00E3122A2275}.Debug|x86.ActiveCfg = Debug|x86
		{49F6D3A9-6C35-4551-A3FD-00E3122A2275}.Debug|x86.Build.0 = Debug|x86
		{49F6D3A9-6C35-4551-A3FD-00E3122A2275}.Debug|x86.Deploy.0 = Debug|x86
		{49F6D3A9-6C35-4551-A3FD-00E3122A2275}.Release|Any CPU.ActiveCfg = Release|x64
		{49F6D3A9-6C35-4551-A3FD-00E3122A2275}.Release|Any CPU.Build.0 = Release|x64
		{49F6D3A9-6C35-4551-A3FD-00E3122A2275}.Release|Any CPU.Deploy.0 = Release|x64
		{49F6D3A9-6C35-4551-A3FD-00E3122A2275}.Release|ARM.ActiveCfg = Release|ARM
		{49F6D3A9-6C35-4551-A3FD-00E3122A2275}.Release|ARM.Build.0 = Release|ARM
		{49F6D3A9-6C35-4551-A3FD-00E3122A2275}.Release|ARM.Deploy.0 = Release|ARM
		{49F6D3A9-6C35-4551-A3FD-00E3122A2275}.Release|x64.ActiveCfg = Release|x64
		{49F6D3A9-6C35-4551-A3FD-00E3122A2275}.Release|x64.Build.0 = Release|x64
		{49F6D3A9-6C35-4551-A3FD-00E3122A2275}.Release|x64.Deploy.0 = Release|x64
		{49F6D3A9-6C35-4551-A3FD-00E3122A2275}.Release|x86.ActiveCfg = Release|x86
		{49F6D3A9-6C35-4551-A3FD-00E3122A2275}.Release|x86.Build.0 = Release|x86
		{49F6D3A9-6C35-4551-A3FD-00E3122A2275}.Release|x86.Deploy.0 = Release|x86
		{F41048E8-7C44-4BF0-90EA-ECB76F7D035E}.Debug|Any CPU.ActiveCfg = Debug|Any CPU
		{F41048E8-7C44-4BF0-90EA-ECB76F7D035E}.Debug|Any CPU.Build.0 = Debug|Any CPU
		{F41048E8-7C44-4BF0-90EA-ECB76F7D035E}.Debug|Any CPU.Deploy.0 = Debug|Any CPU
		{F41048E8-7C44-4BF0-90EA-ECB76F7D035E}.Debug|ARM.ActiveCfg = Debug|Any CPU
		{F41048E8-7C44-4BF0-90EA-ECB76F7D035E}.Debug|ARM.Build.0 = Debug|Any CPU
		{F41048E8-7C44-4BF0-90EA-ECB76F7D035E}.Debug|ARM.Deploy.0 = Debug|Any CPU
		{F41048E8-7C44-4BF0-90EA-ECB76F7D035E}.Debug|x64.ActiveCfg = Debug|Any CPU
		{F41048E8-7C44-4BF0-90EA-ECB76F7D035E}.Debug|x64.Build.0 = Debug|Any CPU
		{F41048E8-7C44-4BF0-90EA-ECB76F7D035E}.Debug|x64.Deploy.0 = Debug|Any CPU
		{F41048E8-7C44-4BF0-90EA-ECB76F7D035E}.Debug|x86.ActiveCfg = Debug|Any CPU
		{F41048E8-7C44-4BF0-90EA-ECB76F7D035E}.Debug|x86.Build.0 = Debug|Any CPU
		{F41048E8-7C44-4BF0-90EA-ECB76F7D035E}.Debug|x86.Deploy.0 = Debug|Any CPU
		{F41048E8-7C44-4BF0-90EA-ECB76F7D035E}.Release|Any CPU.ActiveCfg = Release|Any CPU
		{F41048E8-7C44-4BF0-90EA-ECB76F7D035E}.Release|Any CPU.Build.0 = Release|Any CPU
		{F41048E8-7C44-4BF0-90EA-ECB76F7D035E}.Release|Any CPU.Deploy.0 = Release|Any CPU
		{F41048E8-7C44-4BF0-90EA-ECB76F7D035E}.Release|ARM.ActiveCfg = Release|Any CPU
		{F41048E8-7C44-4BF0-90EA-ECB76F7D035E}.Release|ARM.Build.0 = Release|Any CPU
		{F41048E8-7C44-4BF0-90EA-ECB76F7D035E}.Release|ARM.Deploy.0 = Release|Any CPU
		{F41048E8-7C44-4BF0-90EA-ECB76F7D035E}.Release|x64.ActiveCfg = Release|Any CPU
		{F41048E8-7C44-4BF0-90EA-ECB76F7D035E}.Release|x64.Build.0 = Release|Any CPU
		{F41048E8-7C44-4BF0-90EA-ECB76F7D035E}.Release|x64.Deploy.0 = Release|Any CPU
		{F41048E8-7C44-4BF0-90EA-ECB76F7D035E}.Release|x86.ActiveCfg = Release|Any CPU
		{F41048E8-7C44-4BF0-90EA-ECB76F7D035E}.Release|x86.Build.0 = Release|Any CPU
		{F41048E8-7C44-4BF0-90EA-ECB76F7D035E}.Release|x86.Deploy.0 = Release|Any CPU
		{9455C870-D4C9-4A95-9886-C9E0BA5794DE}.Debug|Any CPU.ActiveCfg = Debug|Any CPU
		{9455C870-D4C9-4A95-9886-C9E0BA5794DE}.Debug|Any CPU.Build.0 = Debug|Any CPU
		{9455C870-D4C9-4A95-9886-C9E0BA5794DE}.Debug|Any CPU.Deploy.0 = Debug|Any CPU
		{9455C870-D4C9-4A95-9886-C9E0BA5794DE}.Debug|ARM.ActiveCfg = Debug|Any CPU
		{9455C870-D4C9-4A95-9886-C9E0BA5794DE}.Debug|ARM.Build.0 = Debug|Any CPU
		{9455C870-D4C9-4A95-9886-C9E0BA5794DE}.Debug|ARM.Deploy.0 = Debug|Any CPU
		{9455C870-D4C9-4A95-9886-C9E0BA5794DE}.Debug|x64.ActiveCfg = Debug|Any CPU
		{9455C870-D4C9-4A95-9886-C9E0BA5794DE}.Debug|x64.Build.0 = Debug|Any CPU
		{9455C870-D4C9-4A95-9886-C9E0BA5794DE}.Debug|x64.Deploy.0 = Debug|Any CPU
		{9455C870-D4C9-4A95-9886-C9E0BA5794DE}.Debug|x86.ActiveCfg = Debug|Any CPU
		{9455C870-D4C9-4A95-9886-C9E0BA5794DE}.Debug|x86.Build.0 = Debug|Any CPU
		{9455C870-D4C9-4A95-9886-C9E0BA5794DE}.Debug|x86.Deploy.0 = Debug|Any CPU
		{9455C870-D4C9-4A95-9886-C9E0BA5794DE}.Release|Any CPU.ActiveCfg = Release|Any CPU
		{9455C870-D4C9-4A95-9886-C9E0BA5794DE}.Release|Any CPU.Build.0 = Release|Any CPU
		{9455C870-D4C9-4A95-9886-C9E0BA5794DE}.Release|Any CPU.Deploy.0 = Release|Any CPU
		{9455C870-D4C9-4A95-9886-C9E0BA5794DE}.Release|ARM.ActiveCfg = Release|Any CPU
		{9455C870-D4C9-4A95-9886-C9E0BA5794DE}.Release|ARM.Build.0 = Release|Any CPU
		{9455C870-D4C9-4A95-9886-C9E0BA5794DE}.Release|ARM.Deploy.0 = Release|Any CPU
		{9455C870-D4C9-4A95-9886-C9E0BA5794DE}.Release|x64.ActiveCfg = Release|Any CPU
		{9455C870-D4C9-4A95-9886-C9E0BA5794DE}.Release|x64.Build.0 = Release|Any CPU
		{9455C870-D4C9-4A95-9886-C9E0BA5794DE}.Release|x64.Deploy.0 = Release|Any CPU
		{9455C870-D4C9-4A95-9886-C9E0BA5794DE}.Release|x86.ActiveCfg = Release|Any CPU
		{9455C870-D4C9-4A95-9886-C9E0BA5794DE}.Release|x86.Build.0 = Release|Any CPU
		{9455C870-D4C9-4A95-9886-C9E0BA5794DE}.Release|x86.Deploy.0 = Release|Any CPU
	EndGlobalSection
	GlobalSection(SolutionProperties) = preSolution
		HideSolutionNode = FALSE
	EndGlobalSection
	GlobalSection(ExtensibilityGlobals) = postSolution
		SolutionGuid = {594C341A-3E8B-4EF4-A9B1-A0F7B9DA14C8}
	EndGlobalSection
EndGlobal
